
Microsoft Visual Studio Solution File, Format Version 12.00
# Visual Studio Version 17
VisualStudioVersion = 17.6.33815.320
MinimumVisualStudioVersion = 10.0.40219.1
Project("{FAE04EC0-301F-11D3-BF4B-00C04F79EFBC}") = "KafkaIntegration", "KafkaIntegration\KafkaIntegration.csproj", "{3DADE783-B14D-42AC-AAD3-75CE1B2AC65A}"
EndProject
Global
	GlobalSection(SolutionConfigurationPlatforms) = preSolution
		Debug|Any CPU = Debug|Any CPU
		Release|Any CPU = Release|Any CPU
	EndGlobalSection
	GlobalSection(ProjectConfigurationPlatforms) = postSolution
		{3DADE783-B14D-42AC-AAD3-75CE1B2AC65A}.Debug|Any CPU.ActiveCfg = Debug|Any CPU
		{3DADE783-B14D-42AC-AAD3-75CE1B2AC65A}.Debug|Any CPU.Build.0 = Debug|Any CPU
		{3DADE783-B14D-42AC-AAD3-75CE1B2AC65A}.Release|Any CPU.ActiveCfg = Release|Any CPU
		{3DADE783-B14D-42AC-AAD3-75CE1B2AC65A}.Release|Any CPU.Build.0 = Release|Any CPU
	EndGlobalSection
	GlobalSection(SolutionProperties) = preSolution
		HideSolutionNode = FALSE
	EndGlobalSection
	GlobalSection(ExtensibilityGlobals) = postSolution
		SolutionGuid = {8C47FD5E-C4DA-43CF-8705-C13AFEA134AF}
	EndGlobalSection
EndGlobal
